
Microsoft Visual Studio Solution File, Format Version 12.00
# Visual Studio 15
VisualStudioVersion = 15.0.27130.2010
MinimumVisualStudioVersion = 10.0.40219.1
Project("{8BC9CEB8-8B4A-11D0-8D11-00A0C91BC942}") = "HondoDB", "HondoDB\HondoDB.vcxproj", "{C5E07C84-BFEC-4A21-9F00-3FD08DFE909D}"
EndProject
Project("{8BC9CEB8-8B4A-11D0-8D11-00A0C91BC942}") = "ServerStarter", "ServerStarter\ServerStarter.vcxproj", "{E6954072-D95E-44CE-AA87-45D52CA6A47A}"
EndProject
Project("{8BC9CEB8-8B4A-11D0-8D11-00A0C91BC942}") = "ClientStarter", "ClientStarter\ClientStarter.vcxproj", "{3F319BCF-9DBD-4F59-98F8-D5FAF020A9D1}"
EndProject
Global
	GlobalSection(SolutionConfigurationPlatforms) = preSolution
		Debug|x64 = Debug|x64
		Debug|x86 = Debug|x86
		Release|x64 = Release|x64
		Release|x86 = Release|x86
	EndGlobalSection
	GlobalSection(ProjectConfigurationPlatforms) = postSolution
		{C5E07C84-BFEC-4A21-9F00-3FD08DFE909D}.Debug|x64.ActiveCfg = Debug|x64
		{C5E07C84-BFEC-4A21-9F00-3FD08DFE909D}.Debug|x64.Build.0 = Debug|x64
		{C5E07C84-BFEC-4A21-9F00-3FD08DFE909D}.Debug|x86.ActiveCfg = Debug|Win32
		{C5E07C84-BFEC-4A21-9F00-3FD08DFE909D}.Debug|x86.Build.0 = Debug|Win32
		{C5E07C84-BFEC-4A21-9F00-3FD08DFE909D}.Release|x64.ActiveCfg = Release|x64
		{C5E07C84-BFEC-4A21-9F00-3FD08DFE909D}.Release|x64.Build.0 = Release|x64
		{C5E07C84-BFEC-4A21-9F00-3FD08DFE909D}.Release|x86.ActiveCfg = Release|Win32
		{C5E07C84-BFEC-4A21-9F00-3FD08DFE909D}.Release|x86.Build.0 = Release|Win32
		{E6954072-D95E-44CE-AA87-45D52CA6A47A}.Debug|x64.ActiveCfg = Debug|x64
		{E6954072-D95E-44CE-AA87-45D52CA6A47A}.Debug|x64.Build.0 = Debug|x64
		{E6954072-D95E-44CE-AA87-45D52CA6A47A}.Debug|x86.ActiveCfg = Debug|Win32
		{E6954072-D95E-44CE-AA87-45D52CA6A47A}.Debug|x86.Build.0 = Debug|Win32
		{E6954072-D95E-44CE-AA87-45D52CA6A47A}.Release|x64.ActiveCfg = Release|x64
		{E6954072-D95E-44CE-AA87-45D52CA6A47A}.Release|x64.Build.0 = Release|x64
		{E6954072-D95E-44CE-AA87-45D52CA6A47A}.Release|x86.ActiveCfg = Release|Win32
		{E6954072-D95E-44CE-AA87-45D52CA6A47A}.Release|x86.Build.0 = Release|Win32
		{3F319BCF-9DBD-4F59-98F8-D5FAF020A9D1}.Debug|x64.ActiveCfg = Debug|x64
		{3F319BCF-9DBD-4F59-98F8-D5FAF020A9D1}.Debug|x64.Build.0 = Debug|x64
		{3F319BCF-9DBD-4F59-98F8-D5FAF020A9D1}.Debug|x86.ActiveCfg = Debug|Win32
		{3F319BCF-9DBD-4F59-98F8-D5FAF020A9D1}.Debug|x86.Build.0 = Debug|Win32
		{3F319BCF-9DBD-4F59-98F8-D5FAF020A9D1}.Release|x64.ActiveCfg = Release|x64
		{3F319BCF-9DBD-4F59-98F8-D5FAF020A9D1}.Release|x64.Build.0 = Release|x64
		{3F319BCF-9DBD-4F59-98F8-D5FAF020A9D1}.Release|x86.ActiveCfg = Release|Win32
		{3F319BCF-9DBD-4F59-98F8-D5FAF020A9D1}.Release|x86.Build.0 = Release|Win32
	EndGlobalSection
	GlobalSection(SolutionProperties) = preSolution
		HideSolutionNode = FALSE
	EndGlobalSection
	GlobalSection(ExtensibilityGlobals) = postSolution
		SolutionGuid = {B22D04AB-157B-4293-82E5-E990BA16F7DE}
	EndGlobalSection
EndGlobal
